
Microsoft Visual Studio Solution File, Format Version 12.00
# Visual Studio Version 16
VisualStudioVersion = 16.0.29411.108
MinimumVisualStudioVersion = 10.0.40219.1
Project("{9A19103F-16F7-4668-BE54-9A1E7A4F7556}") = "Speech-To-Text", "Speech-To-Text\Speech-To-Text.csproj", "{C6700A72-F93D-4BFD-A572-88219A577DC8}"
EndProject
Project("{FAE04EC0-301F-11D3-BF4B-00C04F79EFBC}") = "HaLi.AudioInput", "HaLi.AudioInput\HaLi.AudioInput.csproj", "{270F359B-A534-4705-A0D1-3E7A768BD1BE}"
EndProject
Project("{FAE04EC0-301F-11D3-BF4B-00C04F79EFBC}") = "HaLi.GoogleSpeech", "HaLi.GoogleSpeech\HaLi.GoogleSpeech.csproj", "{8F142CAB-3842-43A5-BFB2-DA5363ECD111}"
EndProject
Global
	GlobalSection(SolutionConfigurationPlatforms) = preSolution
		Debug|Any CPU = Debug|Any CPU
		Release|Any CPU = Release|Any CPU
	EndGlobalSection
	GlobalSection(ProjectConfigurationPlatforms) = postSolution
		{C6700A72-F93D-4BFD-A572-88219A577DC8}.Debug|Any CPU.ActiveCfg = Debug|Any CPU
		{C6700A72-F93D-4BFD-A572-88219A577DC8}.Debug|Any CPU.Build.0 = Debug|Any CPU
		{C6700A72-F93D-4BFD-A572-88219A577DC8}.Release|Any CPU.ActiveCfg = Release|Any CPU
		{C6700A72-F93D-4BFD-A572-88219A577DC8}.Release|Any CPU.Build.0 = Release|Any CPU
		{270F359B-A534-4705-A0D1-3E7A768BD1BE}.Debug|Any CPU.ActiveCfg = Debug|Any CPU
		{270F359B-A534-4705-A0D1-3E7A768BD1BE}.Debug|Any CPU.Build.0 = Debug|Any CPU
		{270F359B-A534-4705-A0D1-3E7A768BD1BE}.Release|Any CPU.ActiveCfg = Release|Any CPU
		{270F359B-A534-4705-A0D1-3E7A768BD1BE}.Release|Any CPU.Build.0 = Release|Any CPU
		{8F142CAB-3842-43A5-BFB2-DA5363ECD111}.Debug|Any CPU.ActiveCfg = Debug|Any CPU
		{8F142CAB-3842-43A5-BFB2-DA5363ECD111}.Debug|Any CPU.Build.0 = Debug|Any CPU
		{8F142CAB-3842-43A5-BFB2-DA5363ECD111}.Release|Any CPU.ActiveCfg = Release|Any CPU
		{8F142CAB-3842-43A5-BFB2-DA5363ECD111}.Release|Any CPU.Build.0 = Release|Any CPU
	EndGlobalSection
	GlobalSection(SolutionProperties) = preSolution
		HideSolutionNode = FALSE
	EndGlobalSection
	GlobalSection(ExtensibilityGlobals) = postSolution
		SolutionGuid = {B30FC3A3-557E-49E1-A352-F403C8CA6797}
	EndGlobalSection
EndGlobal
